// !$*UTF8*$!
{
	archiveVersion = 1;
	classes = {
	};
	objectVersion = 50;
	objects = {

/* Begin PBXBuildFile section */
		F64BA649244F0B8A00FACB9D /* AppDelegate.swift in Sources */ = {isa = PBXBuildFile; fileRef = F64BA648244F0B8A00FACB9D /* AppDelegate.swift */; };
		F64BA64B244F0B8A00FACB9D /* SceneDelegate.swift in Sources */ = {isa = PBXBuildFile; fileRef = F64BA64A244F0B8A00FACB9D /* SceneDelegate.swift */; };
		F64BA64D244F0B8A00FACB9D /* SplashView.swift in Sources */ = {isa = PBXBuildFile; fileRef = F64BA64C244F0B8A00FACB9D /* SplashView.swift */; };
		F64BA64F244F0B8C00FACB9D /* Images.xcassets in Resources */ = {isa = PBXBuildFile; fileRef = F64BA64E244F0B8C00FACB9D /* Images.xcassets */; };
		F64BA652244F0B8C00FACB9D /* Preview Assets.xcassets in Resources */ = {isa = PBXBuildFile; fileRef = F64BA651244F0B8C00FACB9D /* Preview Assets.xcassets */; };
		F64BA655244F0B8C00FACB9D /* LaunchScreen.storyboard in Resources */ = {isa = PBXBuildFile; fileRef = F64BA653244F0B8C00FACB9D /* LaunchScreen.storyboard */; };
		F64BA661244F0C7E00FACB9D /* Navigator.swift in Sources */ = {isa = PBXBuildFile; fileRef = F64BA660244F0C7E00FACB9D /* Navigator.swift */; };
		F64BA663244F0CCC00FACB9D /* Modules.swift in Sources */ = {isa = PBXBuildFile; fileRef = F64BA662244F0CCC00FACB9D /* Modules.swift */; };
		F64BA666244F0EC400FACB9D /* SplashViewModel.swift in Sources */ = {isa = PBXBuildFile; fileRef = F64BA665244F0EC400FACB9D /* SplashViewModel.swift */; };
		F64BA66A244F10EE00FACB9D /* Colors.xcassets in Resources */ = {isa = PBXBuildFile; fileRef = F64BA669244F10EE00FACB9D /* Colors.xcassets */; };
		F64BA66E244F11D700FACB9D /* Colors.swift in Sources */ = {isa = PBXBuildFile; fileRef = F64BA66D244F11D700FACB9D /* Colors.swift */; };
		F64BA671244F197500FACB9D /* MainView.swift in Sources */ = {isa = PBXBuildFile; fileRef = F64BA670244F197500FACB9D /* MainView.swift */; };
		F64BA674244F1B0800FACB9D /* SearchMoviesView.swift in Sources */ = {isa = PBXBuildFile; fileRef = F64BA673244F1B0800FACB9D /* SearchMoviesView.swift */; };
		F64BA676244F1DD700FACB9D /* SearcMoviesViewModel.swift in Sources */ = {isa = PBXBuildFile; fileRef = F64BA675244F1DD700FACB9D /* SearcMoviesViewModel.swift */; };
		F64BA67A244F20F000FACB9D /* APIService.swift in Sources */ = {isa = PBXBuildFile; fileRef = F64BA679244F20EF00FACB9D /* APIService.swift */; };
		F64BA67C244F210F00FACB9D /* APIEndpoints.swift in Sources */ = {isa = PBXBuildFile; fileRef = F64BA67B244F210F00FACB9D /* APIEndpoints.swift */; };
		F64BA67E244F212C00FACB9D /* APIEntites.swift in Sources */ = {isa = PBXBuildFile; fileRef = F64BA67D244F212C00FACB9D /* APIEntites.swift */; };
		F64BA681244F229700FACB9D /* MovieCell.swift in Sources */ = {isa = PBXBuildFile; fileRef = F64BA680244F229700FACB9D /* MovieCell.swift */; };
		F64BA683244F22CE00FACB9D /* MovieCellModel.swift in Sources */ = {isa = PBXBuildFile; fileRef = F64BA682244F22CE00FACB9D /* MovieCellModel.swift */; };
/* End PBXBuildFile section */

/* Begin PBXFileReference section */
		F64BA645244F0B8A00FACB9D /* MovieHelper.app */ = {isa = PBXFileReference; explicitFileType = wrapper.application; includeInIndex = 0; path = MovieHelper.app; sourceTree = BUILT_PRODUCTS_DIR; };
		F64BA648244F0B8A00FACB9D /* AppDelegate.swift */ = {isa = PBXFileReference; lastKnownFileType = sourcecode.swift; path = AppDelegate.swift; sourceTree = "<group>"; };
		F64BA64A244F0B8A00FACB9D /* SceneDelegate.swift */ = {isa = PBXFileReference; lastKnownFileType = sourcecode.swift; path = SceneDelegate.swift; sourceTree = "<group>"; };
		F64BA64C244F0B8A00FACB9D /* SplashView.swift */ = {isa = PBXFileReference; lastKnownFileType = sourcecode.swift; path = SplashView.swift; sourceTree = "<group>"; };
		F64BA64E244F0B8C00FACB9D /* Images.xcassets */ = {isa = PBXFileReference; lastKnownFileType = folder.assetcatalog; path = Images.xcassets; sourceTree = "<group>"; };
		F64BA651244F0B8C00FACB9D /* Preview Assets.xcassets */ = {isa = PBXFileReference; lastKnownFileType = folder.assetcatalog; path = "Preview Assets.xcassets"; sourceTree = "<group>"; };
		F64BA654244F0B8C00FACB9D /* Base */ = {isa = PBXFileReference; lastKnownFileType = file.storyboard; name = Base; path = Base.lproj/LaunchScreen.storyboard; sourceTree = "<group>"; };
		F64BA656244F0B8C00FACB9D /* Info.plist */ = {isa = PBXFileReference; lastKnownFileType = text.plist.xml; path = Info.plist; sourceTree = "<group>"; };
		F64BA660244F0C7E00FACB9D /* Navigator.swift */ = {isa = PBXFileReference; lastKnownFileType = sourcecode.swift; path = Navigator.swift; sourceTree = "<group>"; };
		F64BA662244F0CCC00FACB9D /* Modules.swift */ = {isa = PBXFileReference; lastKnownFileType = sourcecode.swift; path = Modules.swift; sourceTree = "<group>"; };
		F64BA665244F0EC400FACB9D /* SplashViewModel.swift */ = {isa = PBXFileReference; lastKnownFileType = sourcecode.swift; path = SplashViewModel.swift; sourceTree = "<group>"; };
		F64BA669244F10EE00FACB9D /* Colors.xcassets */ = {isa = PBXFileReference; lastKnownFileType = folder.assetcatalog; path = Colors.xcassets; sourceTree = "<group>"; };
		F64BA66D244F11D700FACB9D /* Colors.swift */ = {isa = PBXFileReference; lastKnownFileType = sourcecode.swift; path = Colors.swift; sourceTree = "<group>"; };
		F64BA670244F197500FACB9D /* MainView.swift */ = {isa = PBXFileReference; lastKnownFileType = sourcecode.swift; path = MainView.swift; sourceTree = "<group>"; };
		F64BA673244F1B0800FACB9D /* SearchMoviesView.swift */ = {isa = PBXFileReference; lastKnownFileType = sourcecode.swift; path = SearchMoviesView.swift; sourceTree = "<group>"; };
		F64BA675244F1DD700FACB9D /* SearcMoviesViewModel.swift */ = {isa = PBXFileReference; lastKnownFileType = sourcecode.swift; path = SearcMoviesViewModel.swift; sourceTree = "<group>"; };
		F64BA679244F20EF00FACB9D /* APIService.swift */ = {isa = PBXFileReference; lastKnownFileType = sourcecode.swift; path = APIService.swift; sourceTree = "<group>"; };
		F64BA67B244F210F00FACB9D /* APIEndpoints.swift */ = {isa = PBXFileReference; lastKnownFileType = sourcecode.swift; path = APIEndpoints.swift; sourceTree = "<group>"; };
		F64BA67D244F212C00FACB9D /* APIEntites.swift */ = {isa = PBXFileReference; lastKnownFileType = sourcecode.swift; path = APIEntites.swift; sourceTree = "<group>"; };
		F64BA680244F229700FACB9D /* MovieCell.swift */ = {isa = PBXFileReference; lastKnownFileType = sourcecode.swift; path = MovieCell.swift; sourceTree = "<group>"; };
		F64BA682244F22CE00FACB9D /* MovieCellModel.swift */ = {isa = PBXFileReference; lastKnownFileType = sourcecode.swift; path = MovieCellModel.swift; sourceTree = "<group>"; };
/* End PBXFileReference section */

/* Begin PBXFrameworksBuildPhase section */
		F64BA642244F0B8A00FACB9D /* Frameworks */ = {
			isa = PBXFrameworksBuildPhase;
			buildActionMask = 2147483647;
			files = (
			);
			runOnlyForDeploymentPostprocessing = 0;
		};
/* End PBXFrameworksBuildPhase section */

/* Begin PBXGroup section */
		F64BA63C244F0B8A00FACB9D = {
			isa = PBXGroup;
			children = (
				F64BA647244F0B8A00FACB9D /* MovieHelper */,
				F64BA646244F0B8A00FACB9D /* Products */,
			);
			sourceTree = "<group>";
		};
		F64BA646244F0B8A00FACB9D /* Products */ = {
			isa = PBXGroup;
			children = (
				F64BA645244F0B8A00FACB9D /* MovieHelper.app */,
			);
			name = Products;
			sourceTree = "<group>";
		};
		F64BA647244F0B8A00FACB9D /* MovieHelper */ = {
			isa = PBXGroup;
			children = (
				F64BA677244F20DD00FACB9D /* Services */,
				F64BA65D244F0C3C00FACB9D /* Modules */,
				F64BA65C244F0C2E00FACB9D /* Core */,
				F64BA656244F0B8C00FACB9D /* Info.plist */,
				F64BA650244F0B8C00FACB9D /* Preview Content */,
			);
			path = MovieHelper;
			sourceTree = "<group>";
		};
		F64BA650244F0B8C00FACB9D /* Preview Content */ = {
			isa = PBXGroup;
			children = (
				F64BA651244F0B8C00FACB9D /* Preview Assets.xcassets */,
			);
			path = "Preview Content";
			sourceTree = "<group>";
		};
		F64BA65C244F0C2E00FACB9D /* Core */ = {
			isa = PBXGroup;
			children = (
				F64BA66B244F11C500FACB9D /* Colors */,
				F64BA65F244F0C6900FACB9D /* Navigator */,
				F64BA653244F0B8C00FACB9D /* LaunchScreen.storyboard */,
				F64BA64A244F0B8A00FACB9D /* SceneDelegate.swift */,
				F64BA648244F0B8A00FACB9D /* AppDelegate.swift */,
				F64BA64E244F0B8C00FACB9D /* Images.xcassets */,
				F64BA669244F10EE00FACB9D /* Colors.xcassets */,
			);
			path = Core;
			sourceTree = "<group>";
		};
		F64BA65D244F0C3C00FACB9D /* Modules */ = {
			isa = PBXGroup;
			children = (
				F64BA672244F1AF100FACB9D /* SearchMovies */,
				F64BA66F244F196600FACB9D /* MainView */,
				F64BA65E244F0C5700FACB9D /* SplashScreen */,
			);
			path = Modules;
			sourceTree = "<group>";
		};
		F64BA65E244F0C5700FACB9D /* SplashScreen */ = {
			isa = PBXGroup;
			children = (
				F64BA64C244F0B8A00FACB9D /* SplashView.swift */,
				F64BA665244F0EC400FACB9D /* SplashViewModel.swift */,
			);
			path = SplashScreen;
			sourceTree = "<group>";
		};
		F64BA65F244F0C6900FACB9D /* Navigator */ = {
			isa = PBXGroup;
			children = (
				F64BA660244F0C7E00FACB9D /* Navigator.swift */,
				F64BA662244F0CCC00FACB9D /* Modules.swift */,
			);
			path = Navigator;
			sourceTree = "<group>";
		};
		F64BA66B244F11C500FACB9D /* Colors */ = {
			isa = PBXGroup;
			children = (
				F64BA66D244F11D700FACB9D /* Colors.swift */,
			);
			path = Colors;
			sourceTree = "<group>";
		};
		F64BA66F244F196600FACB9D /* MainView */ = {
			isa = PBXGroup;
			children = (
				F64BA670244F197500FACB9D /* MainView.swift */,
			);
			path = MainView;
			sourceTree = "<group>";
		};
		F64BA672244F1AF100FACB9D /* SearchMovies */ = {
			isa = PBXGroup;
			children = (
				F64BA67F244F227600FACB9D /* MovieCell */,
				F64BA673244F1B0800FACB9D /* SearchMoviesView.swift */,
				F64BA675244F1DD700FACB9D /* SearcMoviesViewModel.swift */,
			);
			path = SearchMovies;
			sourceTree = "<group>";
		};
		F64BA677244F20DD00FACB9D /* Services */ = {
			isa = PBXGroup;
			children = (
				F64BA678244F20E300FACB9D /* API */,
			);
			path = Services;
			sourceTree = "<group>";
		};
		F64BA678244F20E300FACB9D /* API */ = {
			isa = PBXGroup;
			children = (
				F64BA679244F20EF00FACB9D /* APIService.swift */,
				F64BA67B244F210F00FACB9D /* APIEndpoints.swift */,
				F64BA67D244F212C00FACB9D /* APIEntites.swift */,
			);
			path = API;
			sourceTree = "<group>";
		};
		F64BA67F244F227600FACB9D /* MovieCell */ = {
			isa = PBXGroup;
			children = (
				F64BA680244F229700FACB9D /* MovieCell.swift */,
				F64BA682244F22CE00FACB9D /* MovieCellModel.swift */,
			);
			path = MovieCell;
			sourceTree = "<group>";
		};
/* End PBXGroup section */

/* Begin PBXNativeTarget section */
		F64BA644244F0B8A00FACB9D /* MovieHelper */ = {
			isa = PBXNativeTarget;
			buildConfigurationList = F64BA659244F0B8C00FACB9D /* Build configuration list for PBXNativeTarget "MovieHelper" */;
			buildPhases = (
				F64BA641244F0B8A00FACB9D /* Sources */,
				F64BA642244F0B8A00FACB9D /* Frameworks */,
				F64BA643244F0B8A00FACB9D /* Resources */,
			);
			buildRules = (
			);
			dependencies = (
			);
			name = MovieHelper;
			productName = MovieHelper;
			productReference = F64BA645244F0B8A00FACB9D /* MovieHelper.app */;
			productType = "com.apple.product-type.application";
		};
/* End PBXNativeTarget section */

/* Begin PBXProject section */
		F64BA63D244F0B8A00FACB9D /* Project object */ = {
			isa = PBXProject;
			attributes = {
				LastSwiftUpdateCheck = 1130;
				LastUpgradeCheck = 1130;
				ORGANIZATIONNAME = "Aleksey Matyushkin";
				TargetAttributes = {
					F64BA644244F0B8A00FACB9D = {
						CreatedOnToolsVersion = 11.3;
					};
				};
			};
			buildConfigurationList = F64BA640244F0B8A00FACB9D /* Build configuration list for PBXProject "MovieHelper" */;
			compatibilityVersion = "Xcode 9.3";
			developmentRegion = en;
			hasScannedForEncodings = 0;
			knownRegions = (
				en,
				Base,
			);
			mainGroup = F64BA63C244F0B8A00FACB9D;
			productRefGroup = F64BA646244F0B8A00FACB9D /* Products */;
			projectDirPath = "";
			projectRoot = "";
			targets = (
				F64BA644244F0B8A00FACB9D /* MovieHelper */,
			);
		};
/* End PBXProject section */

/* Begin PBXResourcesBuildPhase section */
		F64BA643244F0B8A00FACB9D /* Resources */ = {
			isa = PBXResourcesBuildPhase;
			buildActionMask = 2147483647;
			files = (
				F64BA655244F0B8C00FACB9D /* LaunchScreen.storyboard in Resources */,
				F64BA66A244F10EE00FACB9D /* Colors.xcassets in Resources */,
				F64BA652244F0B8C00FACB9D /* Preview Assets.xcassets in Resources */,
				F64BA64F244F0B8C00FACB9D /* Images.xcassets in Resources */,
			);
			runOnlyForDeploymentPostprocessing = 0;
		};
/* End PBXResourcesBuildPhase section */

/* Begin PBXSourcesBuildPhase section */
		F64BA641244F0B8A00FACB9D /* Sources */ = {
			isa = PBXSourcesBuildPhase;
			buildActionMask = 2147483647;
			files = (
				F64BA681244F229700FACB9D /* MovieCell.swift in Sources */,
				F64BA649244F0B8A00FACB9D /* AppDelegate.swift in Sources */,
				F64BA671244F197500FACB9D /* MainView.swift in Sources */,
				F64BA66E244F11D700FACB9D /* Colors.swift in Sources */,
				F64BA67C244F210F00FACB9D /* APIEndpoints.swift in Sources */,
				F64BA661244F0C7E00FACB9D /* Navigator.swift in Sources */,
				F64BA67A244F20F000FACB9D /* APIService.swift in Sources */,
				F64BA64B244F0B8A00FACB9D /* SceneDelegate.swift in Sources */,
				F64BA674244F1B0800FACB9D /* SearchMoviesView.swift in Sources */,
				F64BA666244F0EC400FACB9D /* SplashViewModel.swift in Sources */,
				F64BA663244F0CCC00FACB9D /* Modules.swift in Sources */,
				F64BA683244F22CE00FACB9D /* MovieCellModel.swift in Sources */,
				F64BA676244F1DD700FACB9D /* SearcMoviesViewModel.swift in Sources */,
				F64BA67E244F212C00FACB9D /* APIEntites.swift in Sources */,
				F64BA64D244F0B8A00FACB9D /* SplashView.swift in Sources */,
			);
			runOnlyForDeploymentPostprocessing = 0;
		};
/* End PBXSourcesBuildPhase section */

/* Begin PBXVariantGroup section */
		F64BA653244F0B8C00FACB9D /* LaunchScreen.storyboard */ = {
			isa = PBXVariantGroup;
			children = (
				F64BA654244F0B8C00FACB9D /* Base */,
			);
			name = LaunchScreen.storyboard;
			sourceTree = "<group>";
		};
/* End PBXVariantGroup section */

/* Begin XCBuildConfiguration section */
		F64BA657244F0B8C00FACB9D /* Debug */ = {
			isa = XCBuildConfiguration;
			buildSettings = {
				ALWAYS_SEARCH_USER_PATHS = NO;
				CLANG_ANALYZER_NONNULL = YES;
				CLANG_ANALYZER_NUMBER_OBJECT_CONVERSION = YES_AGGRESSIVE;
				CLANG_CXX_LANGUAGE_STANDARD = "gnu++14";
				CLANG_CXX_LIBRARY = "libc++";
				CLANG_ENABLE_MODULES = YES;
				CLANG_ENABLE_OBJC_ARC = YES;
				CLANG_ENABLE_OBJC_WEAK = YES;
				CLANG_WARN_BLOCK_CAPTURE_AUTORELEASING = YES;
				CLANG_WARN_BOOL_CONVERSION = YES;
				CLANG_WARN_COMMA = YES;
				CLANG_WARN_CONSTANT_CONVERSION = YES;
				CLANG_WARN_DEPRECATED_OBJC_IMPLEMENTATIONS = YES;
				CLANG_WARN_DIRECT_OBJC_ISA_USAGE = YES_ERROR;
				CLANG_WARN_DOCUMENTATION_COMMENTS = YES;
				CLANG_WARN_EMPTY_BODY = YES;
				CLANG_WARN_ENUM_CONVERSION = YES;
				CLANG_WARN_INFINITE_RECURSION = YES;
				CLANG_WARN_INT_CONVERSION = YES;
				CLANG_WARN_NON_LITERAL_NULL_CONVERSION = YES;
				CLANG_WARN_OBJC_IMPLICIT_RETAIN_SELF = YES;
				CLANG_WARN_OBJC_LITERAL_CONVERSION = YES;
				CLANG_WARN_OBJC_ROOT_CLASS = YES_ERROR;
				CLANG_WARN_RANGE_LOOP_ANALYSIS = YES;
				CLANG_WARN_STRICT_PROTOTYPES = YES;
				CLANG_WARN_SUSPICIOUS_MOVE = YES;
				CLANG_WARN_UNGUARDED_AVAILABILITY = YES_AGGRESSIVE;
				CLANG_WARN_UNREACHABLE_CODE = YES;
				CLANG_WARN__DUPLICATE_METHOD_MATCH = YES;
				COPY_PHASE_STRIP = NO;
				DEBUG_INFORMATION_FORMAT = dwarf;
				ENABLE_STRICT_OBJC_MSGSEND = YES;
				ENABLE_TESTABILITY = YES;
				GCC_C_LANGUAGE_STANDARD = gnu11;
				GCC_DYNAMIC_NO_PIC = NO;
				GCC_NO_COMMON_BLOCKS = YES;
				GCC_OPTIMIZATION_LEVEL = 0;
				GCC_PREPROCESSOR_DEFINITIONS = (
					"DEBUG=1",
					"$(inherited)",
				);
				GCC_WARN_64_TO_32_BIT_CONVERSION = YES;
				GCC_WARN_ABOUT_RETURN_TYPE = YES_ERROR;
				GCC_WARN_UNDECLARED_SELECTOR = YES;
				GCC_WARN_UNINITIALIZED_AUTOS = YES_AGGRESSIVE;
				GCC_WARN_UNUSED_FUNCTION = YES;
				GCC_WARN_UNUSED_VARIABLE = YES;
				IPHONEOS_DEPLOYMENT_TARGET = 13.2;
				MTL_ENABLE_DEBUG_INFO = INCLUDE_SOURCE;
				MTL_FAST_MATH = YES;
				ONLY_ACTIVE_ARCH = YES;
				SDKROOT = iphoneos;
				SWIFT_ACTIVE_COMPILATION_CONDITIONS = DEBUG;
				SWIFT_OPTIMIZATION_LEVEL = "-Onone";
			};
			name = Debug;
		};
		F64BA658244F0B8C00FACB9D /* Release */ = {
			isa = XCBuildConfiguration;
			buildSettings = {
				ALWAYS_SEARCH_USER_PATHS = NO;
				CLANG_ANALYZER_NONNULL = YES;
				CLANG_ANALYZER_NUMBER_OBJECT_CONVERSION = YES_AGGRESSIVE;
				CLANG_CXX_LANGUAGE_STANDARD = "gnu++14";
				CLANG_CXX_LIBRARY = "libc++";
				CLANG_ENABLE_MODULES = YES;
				CLANG_ENABLE_OBJC_ARC = YES;
				CLANG_ENABLE_OBJC_WEAK = YES;
				CLANG_WARN_BLOCK_CAPTURE_AUTORELEASING = YES;
				CLANG_WARN_BOOL_CONVERSION = YES;
				CLANG_WARN_COMMA = YES;
				CLANG_WARN_CONSTANT_CONVERSION = YES;
				CLANG_WARN_DEPRECATED_OBJC_IMPLEMENTATIONS = YES;
				CLANG_WARN_DIRECT_OBJC_ISA_USAGE = YES_ERROR;
				CLANG_WARN_DOCUMENTATION_COMMENTS = YES;
				CLANG_WARN_EMPTY_BODY = YES;
				CLANG_WARN_ENUM_CONVERSION = YES;
				CLANG_WARN_INFINITE_RECURSION = YES;
				CLANG_WARN_INT_CONVERSION = YES;
				CLANG_WARN_NON_LITERAL_NULL_CONVERSION = YES;
				CLANG_WARN_OBJC_IMPLICIT_RETAIN_SELF = YES;
				CLANG_WARN_OBJC_LITERAL_CONVERSION = YES;
				CLANG_WARN_OBJC_ROOT_CLASS = YES_ERROR;
				CLANG_WARN_RANGE_LOOP_ANALYSIS = YES;
				CLANG_WARN_STRICT_PROTOTYPES = YES;
				CLANG_WARN_SUSPICIOUS_MOVE = YES;
				CLANG_WARN_UNGUARDED_AVAILABILITY = YES_AGGRESSIVE;
				CLANG_WARN_UNREACHABLE_CODE = YES;
				CLANG_WARN__DUPLICATE_METHOD_MATCH = YES;
				COPY_PHASE_STRIP = NO;
				DEBUG_INFORMATION_FORMAT = "dwarf-with-dsym";
				ENABLE_NS_ASSERTIONS = NO;
				ENABLE_STRICT_OBJC_MSGSEND = YES;
				GCC_C_LANGUAGE_STANDARD = gnu11;
				GCC_NO_COMMON_BLOCKS = YES;
				GCC_WARN_64_TO_32_BIT_CONVERSION = YES;
				GCC_WARN_ABOUT_RETURN_TYPE = YES_ERROR;
				GCC_WARN_UNDECLARED_SELECTOR = YES;
				GCC_WARN_UNINITIALIZED_AUTOS = YES_AGGRESSIVE;
				GCC_WARN_UNUSED_FUNCTION = YES;
				GCC_WARN_UNUSED_VARIABLE = YES;
				IPHONEOS_DEPLOYMENT_TARGET = 13.2;
				MTL_ENABLE_DEBUG_INFO = NO;
				MTL_FAST_MATH = YES;
				SDKROOT = iphoneos;
				SWIFT_COMPILATION_MODE = wholemodule;
				SWIFT_OPTIMIZATION_LEVEL = "-O";
				VALIDATE_PRODUCT = YES;
			};
			name = Release;
		};
		F64BA65A244F0B8C00FACB9D /* Debug */ = {
			isa = XCBuildConfiguration;
			buildSettings = {
				ASSETCATALOG_COMPILER_APPICON_NAME = AppIcon;
				CODE_SIGN_STYLE = Automatic;
				DEVELOPMENT_ASSET_PATHS = "\"MovieHelper/Preview Content\"";
				DEVELOPMENT_TEAM = 6MWV6L83AV;
				ENABLE_PREVIEWS = YES;
				INFOPLIST_FILE = MovieHelper/Info.plist;
				LD_RUNPATH_SEARCH_PATHS = (
					"$(inherited)",
					"@executable_path/Frameworks",
				);
				PRODUCT_BUNDLE_IDENTIFIER = noOrg.MovieHelper;
				PRODUCT_NAME = "$(TARGET_NAME)";
				SWIFT_VERSION = 5.0;
				TARGETED_DEVICE_FAMILY = "1,2";
			};
			name = Debug;
		};
		F64BA65B244F0B8C00FACB9D /* Release */ = {
			isa = XCBuildConfiguration;
			buildSettings = {
				ASSETCATALOG_COMPILER_APPICON_NAME = AppIcon;
				CODE_SIGN_STYLE = Automatic;
				DEVELOPMENT_ASSET_PATHS = "\"MovieHelper/Preview Content\"";
				DEVELOPMENT_TEAM = 6MWV6L83AV;
				ENABLE_PREVIEWS = YES;
				INFOPLIST_FILE = MovieHelper/Info.plist;
				LD_RUNPATH_SEARCH_PATHS = (
					"$(inherited)",
					"@executable_path/Frameworks",
				);
				PRODUCT_BUNDLE_IDENTIFIER = noOrg.MovieHelper;
				PRODUCT_NAME = "$(TARGET_NAME)";
				SWIFT_VERSION = 5.0;
				TARGETED_DEVICE_FAMILY = "1,2";
			};
			name = Release;
		};
/* End XCBuildConfiguration section */

/* Begin XCConfigurationList section */
		F64BA640244F0B8A00FACB9D /* Build configuration list for PBXProject "MovieHelper" */ = {
			isa = XCConfigurationList;
			buildConfigurations = (
				F64BA657244F0B8C00FACB9D /* Debug */,
				F64BA658244F0B8C00FACB9D /* Release */,
			);
			defaultConfigurationIsVisible = 0;
			defaultConfigurationName = Release;
		};
		F64BA659244F0B8C00FACB9D /* Build configuration list for PBXNativeTarget "MovieHelper" */ = {
			isa = XCConfigurationList;
			buildConfigurations = (
				F64BA65A244F0B8C00FACB9D /* Debug */,
				F64BA65B244F0B8C00FACB9D /* Release */,
			);
			defaultConfigurationIsVisible = 0;
			defaultConfigurationName = Release;
		};
/* End XCConfigurationList section */
	};
	rootObject = F64BA63D244F0B8A00FACB9D /* Project object */;
}
